
Microsoft Visual Studio Solution File, Format Version 12.00
# Visual Studio Version 16
VisualStudioVersion = 16.0.29709.97
MinimumVisualStudioVersion = 10.0.40219.1
Project("{9A19103F-16F7-4668-BE54-9A1E7A4F7556}") = "SharedInfrastructure.Tests", "tests\SharedInfrastructure.Tests\SharedInfrastructure.Tests.csproj", "{1664B46A-D99F-4C66-9424-A3A17C926A4C}"
EndProject
Project("{D954291E-2A0B-460D-934E-DC6B0785DB48}") = "SharedInfrastructure", "src\SharedInfrastructure\SharedInfrastructure.shproj", "{68A8CC40-6AED-4E96-B524-31B1158FDEEA}"
EndProject
Project("{2150E333-8FDC-42A3-9474-1A3956D46DE8}") = "_root", "_root", "{27502888-A75B-4BCB-8D19-C81198AEF7C7}"
	ProjectSection(SolutionItems) = preProject
		.editorconfig = .editorconfig
		.gitattributes = .gitattributes
		.gitignore = .gitignore
		ci-build.ps1 = ci-build.ps1
		ci-test.ps1 = ci-test.ps1
		codecov.yml = codecov.yml
		Directory.Build.props = Directory.Build.props
		Directory.Build.targets = Directory.Build.targets
		LICENSE = LICENSE
		README.md = README.md
		sixlabors.ruleset = sixlabors.ruleset
		SixLabors.snk = SixLabors.snk
		sixlabors.tests.ruleset = sixlabors.tests.ruleset
		stylecop.json = stylecop.json
	EndProjectSection
EndProject
Project("{2150E333-8FDC-42A3-9474-1A3956D46DE8}") = ".github", ".github", "{91A98DCB-FA23-444B-865A-3734578F1C28}"
	ProjectSection(SolutionItems) = preProject
		.github\FUNDING.yml = .github\FUNDING.yml
		.github\PULL_REQUEST_TEMPLATE.md = .github\PULL_REQUEST_TEMPLATE.md
	EndProjectSection
EndProject
Project("{2150E333-8FDC-42A3-9474-1A3956D46DE8}") = "workflows", "workflows", "{B3C84CC9-D0F5-4D9F-93A8-D742A73F3674}"
	ProjectSection(SolutionItems) = preProject
		.github\workflows\build-and-test.yml = .github\workflows\build-and-test.yml
	EndProjectSection
EndProject
Project("{2150E333-8FDC-42A3-9474-1A3956D46DE8}") = "src", "src", "{07706BC0-CA04-4558-A005-3F9FA7D9933C}"
	ProjectSection(SolutionItems) = preProject
		src\Directory.Build.props = src\Directory.Build.props
		src\Directory.Build.targets = src\Directory.Build.targets
	EndProjectSection
EndProject
Project("{2150E333-8FDC-42A3-9474-1A3956D46DE8}") = "tests", "tests", "{478B60EE-3651-4B39-83BD-528C428AC628}"
	ProjectSection(SolutionItems) = preProject
		tests\coverlet.runsettings = tests\coverlet.runsettings
		tests\Directory.Build.props = tests\Directory.Build.props
		tests\Directory.Build.targets = tests\Directory.Build.targets
	EndProjectSection
EndProject
Project("{2150E333-8FDC-42A3-9474-1A3956D46DE8}") = "msbuild", "msbuild", "{F8DA0585-5F98-48F6-9A68-5E26EDD3F1D4}"
EndProject
Project("{2150E333-8FDC-42A3-9474-1A3956D46DE8}") = "props", "props", "{8EDAC650-9105-421F-8988-E3AE6EDF77F7}"
	ProjectSection(SolutionItems) = preProject
		msbuild\props\SixLabors.Global.props = msbuild\props\SixLabors.Global.props
		msbuild\props\SixLabors.Src.props = msbuild\props\SixLabors.Src.props
		msbuild\props\SixLabors.Tests.props = msbuild\props\SixLabors.Tests.props
	EndProjectSection
EndProject
Project("{2150E333-8FDC-42A3-9474-1A3956D46DE8}") = "targets", "targets", "{A4111E2B-C16C-4029-92D0-A9F367AE1B20}"
	ProjectSection(SolutionItems) = preProject
		msbuild\targets\SixLabors.Global.targets = msbuild\targets\SixLabors.Global.targets
		msbuild\targets\SixLabors.Src.targets = msbuild\targets\SixLabors.Src.targets
		msbuild\targets\SixLabors.Tests.targets = msbuild\targets\SixLabors.Tests.targets
	EndProjectSection
EndProject
Global
	GlobalSection(SharedMSBuildProjectFiles) = preSolution
		src\SharedInfrastructure\SharedInfrastructure.projitems*{1664b46a-d99f-4c66-9424-a3a17c926a4c}*SharedItemsImports = 5
		src\SharedInfrastructure\SharedInfrastructure.projitems*{68a8cc40-6aed-4e96-b524-31b1158fdeea}*SharedItemsImports = 13
	EndGlobalSection
	GlobalSection(SolutionConfigurationPlatforms) = preSolution
		Debug|Any CPU = Debug|Any CPU
		Release|Any CPU = Release|Any CPU
	EndGlobalSection
	GlobalSection(ProjectConfigurationPlatforms) = postSolution
		{1664B46A-D99F-4C66-9424-A3A17C926A4C}.Debug|Any CPU.ActiveCfg = Debug|Any CPU
		{1664B46A-D99F-4C66-9424-A3A17C926A4C}.Debug|Any CPU.Build.0 = Debug|Any CPU
		{1664B46A-D99F-4C66-9424-A3A17C926A4C}.Release|Any CPU.ActiveCfg = Release|Any CPU
		{1664B46A-D99F-4C66-9424-A3A17C926A4C}.Release|Any CPU.Build.0 = Release|Any CPU
	EndGlobalSection
	GlobalSection(SolutionProperties) = preSolution
		HideSolutionNode = FALSE
	EndGlobalSection
	GlobalSection(NestedProjects) = preSolution
		{1664B46A-D99F-4C66-9424-A3A17C926A4C} = {478B60EE-3651-4B39-83BD-528C428AC628}
		{68A8CC40-6AED-4E96-B524-31B1158FDEEA} = {07706BC0-CA04-4558-A005-3F9FA7D9933C}
		{91A98DCB-FA23-444B-865A-3734578F1C28} = {27502888-A75B-4BCB-8D19-C81198AEF7C7}
		{B3C84CC9-D0F5-4D9F-93A8-D742A73F3674} = {91A98DCB-FA23-444B-865A-3734578F1C28}
		{F8DA0585-5F98-48F6-9A68-5E26EDD3F1D4} = {27502888-A75B-4BCB-8D19-C81198AEF7C7}
		{8EDAC650-9105-421F-8988-E3AE6EDF77F7} = {F8DA0585-5F98-48F6-9A68-5E26EDD3F1D4}
		{A4111E2B-C16C-4029-92D0-A9F367AE1B20} = {F8DA0585-5F98-48F6-9A68-5E26EDD3F1D4}
	EndGlobalSection
	GlobalSection(ExtensibilityGlobals) = postSolution
		SolutionGuid = {CDD6BE8E-01A1-4A70-AA7E-F1D64E8FA829}
	EndGlobalSection
EndGlobal
